
Microsoft Visual Studio Solution File, Format Version 12.00
# Visual Studio 15
VisualStudioVersion = 15.0.27428.2011
MinimumVisualStudioVersion = 10.0.40219.1
Project("{F184B08F-C81C-45F6-A57F-5ABD9991F28F}") = "Lab 12 Employee Data", "Lab 12 Employee Data\Lab 12 Employee Data.vbproj", "{22C2C5B6-6B97-4B6C-BD83-5C1EF938F656}"
EndProject
Global
	GlobalSection(SolutionConfigurationPlatforms) = preSolution
		Debug|Any CPU = Debug|Any CPU
		Release|Any CPU = Release|Any CPU
	EndGlobalSection
	GlobalSection(ProjectConfigurationPlatforms) = postSolution
		{22C2C5B6-6B97-4B6C-BD83-5C1EF938F656}.Debug|Any CPU.ActiveCfg = Debug|Any CPU
		{22C2C5B6-6B97-4B6C-BD83-5C1EF938F656}.Debug|Any CPU.Build.0 = Debug|Any CPU
		{22C2C5B6-6B97-4B6C-BD83-5C1EF938F656}.Release|Any CPU.ActiveCfg = Release|Any CPU
		{22C2C5B6-6B97-4B6C-BD83-5C1EF938F656}.Release|Any CPU.Build.0 = Release|Any CPU
	EndGlobalSection
	GlobalSection(SolutionProperties) = preSolution
		HideSolutionNode = FALSE
	EndGlobalSection
	GlobalSection(ExtensibilityGlobals) = postSolution
		SolutionGuid = {31FF1B04-D25C-4E7A-BBE7-05B4D26A3F65}
	EndGlobalSection
EndGlobal
